
Microsoft Visual Studio Solution File, Format Version 12.00
# Visual Studio Version 17
VisualStudioVersion = 17.3.32922.545
MinimumVisualStudioVersion = 10.0.40219.1
Project("{9A19103F-16F7-4668-BE54-9A1E7A4F7556}") = "Entities", "Entities\Entities.csproj", "{706B9B77-24EA-444B-B73C-6EA223AD67F2}"
EndProject
Project("{9A19103F-16F7-4668-BE54-9A1E7A4F7556}") = "Business", "Business\Business.csproj", "{6C7B13DA-11DB-44DB-83B5-0F540B8EA27B}"
EndProject
Project("{9A19103F-16F7-4668-BE54-9A1E7A4F7556}") = "DataAccess", "DataAccess\DataAccess.csproj", "{68BF9B44-6DC4-42A8-A17F-97C056857A36}"
EndProject
Project("{9A19103F-16F7-4668-BE54-9A1E7A4F7556}") = "ConsoleUI", "ConsoleUI\ConsoleUI.csproj", "{A42FA8F9-8BF6-46C0-A219-44480FAF917D}"
EndProject
Project("{FAE04EC0-301F-11D3-BF4B-00C04F79EFBC}") = "Core", "Core\Core.csproj", "{4300F4E3-B870-4EF2-94AA-0BB136836CB5}"
EndProject
Global
	GlobalSection(SolutionConfigurationPlatforms) = preSolution
		Debug|Any CPU = Debug|Any CPU
		Release|Any CPU = Release|Any CPU
	EndGlobalSection
	GlobalSection(ProjectConfigurationPlatforms) = postSolution
		{706B9B77-24EA-444B-B73C-6EA223AD67F2}.Debug|Any CPU.ActiveCfg = Debug|Any CPU
		{706B9B77-24EA-444B-B73C-6EA223AD67F2}.Debug|Any CPU.Build.0 = Debug|Any CPU
		{706B9B77-24EA-444B-B73C-6EA223AD67F2}.Release|Any CPU.ActiveCfg = Release|Any CPU
		{706B9B77-24EA-444B-B73C-6EA223AD67F2}.Release|Any CPU.Build.0 = Release|Any CPU
		{6C7B13DA-11DB-44DB-83B5-0F540B8EA27B}.Debug|Any CPU.ActiveCfg = Debug|Any CPU
		{6C7B13DA-11DB-44DB-83B5-0F540B8EA27B}.Debug|Any CPU.Build.0 = Debug|Any CPU
		{6C7B13DA-11DB-44DB-83B5-0F540B8EA27B}.Release|Any CPU.ActiveCfg = Release|Any CPU
		{6C7B13DA-11DB-44DB-83B5-0F540B8EA27B}.Release|Any CPU.Build.0 = Release|Any CPU
		{68BF9B44-6DC4-42A8-A17F-97C056857A36}.Debug|Any CPU.ActiveCfg = Debug|Any CPU
		{68BF9B44-6DC4-42A8-A17F-97C056857A36}.Debug|Any CPU.Build.0 = Debug|Any CPU
		{68BF9B44-6DC4-42A8-A17F-97C056857A36}.Release|Any CPU.ActiveCfg = Release|Any CPU
		{68BF9B44-6DC4-42A8-A17F-97C056857A36}.Release|Any CPU.Build.0 = Release|Any CPU
		{A42FA8F9-8BF6-46C0-A219-44480FAF917D}.Debug|Any CPU.ActiveCfg = Debug|Any CPU
		{A42FA8F9-8BF6-46C0-A219-44480FAF917D}.Debug|Any CPU.Build.0 = Debug|Any CPU
		{A42FA8F9-8BF6-46C0-A219-44480FAF917D}.Release|Any CPU.ActiveCfg = Release|Any CPU
		{A42FA8F9-8BF6-46C0-A219-44480FAF917D}.Release|Any CPU.Build.0 = Release|Any CPU
		{4300F4E3-B870-4EF2-94AA-0BB136836CB5}.Debug|Any CPU.ActiveCfg = Debug|Any CPU
		{4300F4E3-B870-4EF2-94AA-0BB136836CB5}.Debug|Any CPU.Build.0 = Debug|Any CPU
		{4300F4E3-B870-4EF2-94AA-0BB136836CB5}.Release|Any CPU.ActiveCfg = Release|Any CPU
		{4300F4E3-B870-4EF2-94AA-0BB136836CB5}.Release|Any CPU.Build.0 = Release|Any CPU
	EndGlobalSection
	GlobalSection(SolutionProperties) = preSolution
		HideSolutionNode = FALSE
	EndGlobalSection
	GlobalSection(ExtensibilityGlobals) = postSolution
		SolutionGuid = {8B84067F-520C-4172-A640-AD24F943396C}
	EndGlobalSection
EndGlobal
